////Клиент
//#include <iostream>
//#include <fstream>
//#include <string>
//#include <Windows.h>
//using namespace std;
//string* predmet = new string[4];
//
//
//struct Student
//{
//	char Name;
//	int val[4];
//}A;
//int answer;
//int pred_size;
//int main() {
//	string nameR = "REQUEST2.bin";
//	string nameA = "ANSWER2.bin";
//	ofstream f_REQ;
//	ifstream f_ANS;
//	predmet[0] = "Programming";
//	predmet[1] = "Algebra";
//	predmet[2] = "Math";
//	predmet[3] = "Diskr";
//	while (true)
//	{
//		cout << "Enter Name: " << endl;
//		cin >> A.Name;
//		for (int i = 0; i < 4; i++) {
//			cout << predmet[i] << " grade: " << endl;
//			cin >> A.val[i];
//		}
//		f_REQ.open(nameR, ios::app | ios::binary);
//		f_REQ.write((char*)&A, sizeof(A));
//		f_REQ.close();
//		f_ANS.open(nameA, ios::binary);
//		f_ANS.seekg(0, ios::end);
//		pred_size = f_ANS.tellg();
//		while (pred_size >= f_ANS.tellg())
//		{
//			Sleep(100);
//			f_ANS.seekg(0, ios::end);
//		}
//		f_ANS.seekg(pred_size, ios::beg);
//		f_ANS.read((char*)&answer, sizeof(answer));
//		f_ANS.close();
//		cout << answer << endl;
//		switch (answer)
//		{
//			/*case 30000: cout << "No scholarship" << endl;
//				break;
//			case 40000: cout << "Scholarship = 1800" << endl;
//				break;
//			case 50000: cout << "Scholarship = 2500" << endl;
//				break;
//			default: cout << "No scholarship" << endl;
//				if (answer % 10 == 1) cout << "Programming" << endl;
//				if (answer % 100 / 10 == 1) cout << "Algebra" << endl;
//				if (answer % 1000 / 100 == 1) cout << "Math" << endl;
//				if (answer % 10000 / 1000 == 1) cout << "Diskr" << endl;
//				break;*/
//		case 0: { cout << "High \n"; break; }
//		case 1: {cout << "1 subject \n"; break;}
//		case 2: {cout << "2 subjects \n"; break;}
//		case 3: {cout << "3 subjects \n"; break; }
//		case 4: {cout << "4 subjects \n"; break; }
//		case 5: {cout << "No \n"; break; }
//		case 6: {cout << "Normal \n"; break; }
//		}
//	}
//
//	return 0;
//}

//Клиент
#include <iostream>
#include <fstream>
#include <string>
#include <Windows.h>
using namespace std;
string* predmet = new string[4];


struct Student
{
	string Fac;
	string Name;
	int val[4];
}A;
int answer;
int pred_size;
int main() {
	string nameR;
	string nameA = "ANSWER.bin";
	ofstream f_REQ;
	ifstream f_ANS;
	fstream add;
	predmet[0] = "Programming";
	predmet[1] = "Algebra";
	predmet[2] = "Math";
	predmet[3] = "Diskr";
	while (true)
	{
		cout << "Enter Faculty: " << endl;
		cin >> A.Fac;
		if (A.Fac == "Bio") nameR = "Bio.bin";
		if (A.Fac == "PMI") nameR = "PMI.bin";
		cout << "Enter Name: " << endl;
		cin >> A.Name;
		for (int i = 0; i < 4; i++) {
			cout << predmet[i] << " grade: " << endl;
			cin >> A.val[i];
		}
		f_REQ.open(nameR, ios::app | ios::binary);
		f_REQ.write((char*)&A, sizeof(A));
		f_REQ.close();
		f_ANS.open(nameA, ios::binary);
		f_ANS.seekg(0, ios::end);
		pred_size = f_ANS.tellg();
		while (pred_size >= f_ANS.tellg())
		{
			Sleep(100);
			f_ANS.seekg(0, ios::end);
		}
		f_ANS.seekg(pred_size, ios::beg);
		f_ANS.read((char*)&answer, sizeof(answer));
		f_ANS.close();
		cout << answer << endl;
		switch (answer)
		{
			/*case 30000: cout << "No scholarship" << endl;
				break;
			case 40000: cout << "Scholarship = 1800" << endl;
				break;
			case 50000: cout << "Scholarship = 2500" << endl;
				break;
			default: cout << "No scholarship" << endl;
				if (answer % 10 == 1) cout << "Programming" << endl;
				if (answer % 100 / 10 == 1) cout << "Algebra" << endl;
				if (answer % 1000 / 100 == 1) cout << "Math" << endl;
				if (answer % 10000 / 1000 == 1) cout << "Diskr" << endl;
				break;*/
		case 0: { cout << "High \n"; break; }
		case 1: {cout << "1 subject \n"; break; }
		case 2: {cout << "2 subjects \n"; break; }
		case 3: {cout << "3 subjects \n"; break; }
		case 4: {cout << "4 subjects \n"; break; }
		case 5: {cout << "No \n"; break; }
		case 6: {cout << "Normal \n"; break; }
		}
	}

	return 0;
}


///Сервер
//#include <iostream>
//#include <fstream>
//#include <windows.h>
//using namespace std;
//#include <string>
//struct Student
//{
//	char Name;
//	int val[4];
//}B;
//int size_pred;
//int answer;
//int main() {
//	ifstream fR;
//	ofstream fA;
//	string nameR = "REQUEST2.bin";
//	string nameA = "ANSWER2.bin";
//	cout << "server is working" << endl;
//	fR.open(nameR, ios::binary);
//	fR.seekg(0, ios::end);
//	size_pred = fR.tellg();
//	fR.close();
//	while (true)
//	{
//		fR.open(nameR, ios::binary);
//		fR.seekg(0, ios::end);
//		while (size_pred >= fR.tellg()) {
//			Sleep(100);
//			fR.seekg(0, ios::end);
//		}
//		fR.seekg(size_pred, ios::beg);
//		fR.read((char*)&B, sizeof(B));
//		size_pred = fR.tellg();
//		fR.close();
//		/*answer = 60000;
//		for (int i = 0; i < 4; i++)
//		{
//			switch (B.val[i])
//			{
//			case 5: if (answer >= 50000) answer = 50000;
//				break;
//			case 4: if (answer >= 40000) answer = 40000;
//				break;
//			case 3: if (answer >= 30000) answer = 30000;
//				break;
//			case 2: if (answer > 22000) answer = 20000;
//				if (answer >= 20000)
//					answer = answer + pow(10, i);
//				break;
//			}
//		}*/
//		int a = 0;
//		for (int i = 0; i < 4; i++)
//		{
//			if (B.val[i] == 2) a += 1;
//			else {
//				if (B.val[i] == 3) a += 10;
//				else {
//					if (B.val[i] == 4) a += 100;
//					else a += 1000;
//				}
//			}  //1120
//		}
//		if (a % 10) answer = a % 10;
//		else {
//			if (a%100) answer=5;
//			else {
//				if (a % 1000) answer = 6;
//				else answer = 0;
//			}
//		}
//
//		fA.open(nameA, ios::binary | ios::app);
//		fA.write((char*)&answer, sizeof(answer));
//		fA.close();
//	}
//	return 0;
//}

//Сервер
#include <iostream>
#include <fstream>
#include <windows.h>
using namespace std;
#include <string>
struct Student
{
	string Fac;
	string Name;
	int val[4];
}B;
int size_pred;
int answer;
int main() {
	ifstream fR;
	ofstream fA;
	fstream fad;
	string nameR;
	string nameA = "ANSWER.bin";
	fad.open("Ad.bin");
	fad >> nameR;
	fad.close();
	cout << nameR;
	cout << "server is working" << endl;
	fR.open(nameR, ios::binary);
	fR.seekg(0, ios::end);
	size_pred = fR.tellg();
	fR.close();
	while (true)
	{
		fR.open(nameR, ios::binary);
		fR.seekg(0, ios::end);
		while (size_pred >= fR.tellg()) {
			Sleep(100);
			fR.seekg(0, ios::end);
		}
		fR.seekg(size_pred, ios::beg);
		fR.read((char*)&B, sizeof(B));
		size_pred = fR.tellg();
		fR.close();
		/*answer = 60000;
		for (int i = 0; i < 4; i++)
		{
			switch (B.val[i])
			{
			case 5: if (answer >= 50000) answer = 50000;
				break;
			case 4: if (answer >= 40000) answer = 40000;
				break;
			case 3: if (answer >= 30000) answer = 30000;
				break;
			case 2: if (answer > 22000) answer = 20000;
				if (answer >= 20000)
					answer = answer + pow(10, i);
				break;
			}
		}*/
		int a = 0;
		for (int i = 0; i < 4; i++)
		{
			if (B.val[i] == 2) a += 1;
			else {
				if (B.val[i] == 3) a += 10;
				else {
					if (B.val[i] == 4) a += 100;
					else a += 1000;
				}
			}  //1120
		}
		if (a % 10) answer = a % 10;
		else {
			if (a % 100) answer = 5;
			else {
				if (a % 1000) answer = 6;
				else answer = 0;
			}
		}

		fA.open(nameA, ios::binary | ios::app);
		fA.write((char*)&answer, sizeof(answer));
		fA.close();
	}
	return 0;
}
